
Microsoft Visual Studio Solution File, Format Version 12.00
# Visual Studio Version 17
VisualStudioVersion = 17.8.34511.84
MinimumVisualStudioVersion = 10.0.40219.1
Project("{FAE04EC0-301F-11D3-BF4B-00C04F79EFBC}") = "DevelopmentPract1LinearPrograms", "DevelopmentPract1LinearPrograms\DevelopmentPract1LinearPrograms.csproj", "{06CCD327-C4D2-411B-BE47-DED9E02A5D4E}"
EndProject
Global
	GlobalSection(SolutionConfigurationPlatforms) = preSolution
		Debug|Any CPU = Debug|Any CPU
		Release|Any CPU = Release|Any CPU
	EndGlobalSection
	GlobalSection(ProjectConfigurationPlatforms) = postSolution
		{06CCD327-C4D2-411B-BE47-DED9E02A5D4E}.Debug|Any CPU.ActiveCfg = Debug|Any CPU
		{06CCD327-C4D2-411B-BE47-DED9E02A5D4E}.Debug|Any CPU.Build.0 = Debug|Any CPU
		{06CCD327-C4D2-411B-BE47-DED9E02A5D4E}.Release|Any CPU.ActiveCfg = Release|Any CPU
		{06CCD327-C4D2-411B-BE47-DED9E02A5D4E}.Release|Any CPU.Build.0 = Release|Any CPU
	EndGlobalSection
	GlobalSection(SolutionProperties) = preSolution
		HideSolutionNode = FALSE
	EndGlobalSection
	GlobalSection(ExtensibilityGlobals) = postSolution
		SolutionGuid = {5F5F949F-9DD6-41D7-8F0D-F0A30982DDC1}
	EndGlobalSection
EndGlobal
